
Microsoft Visual Studio Solution File, Format Version 12.00
# Visual Studio Version 17
VisualStudioVersion = 17.1.32421.90
MinimumVisualStudioVersion = 10.0.40219.1
Project("{9A19103F-16F7-4668-BE54-9A1E7A4F7556}") = "ChatApp-client", "ChatApp\ChatApp-client.csproj", "{E5B370E7-73BB-4EC6-A4E5-13A8F983F1EA}"
EndProject
Project("{FAE04EC0-301F-11D3-BF4B-00C04F79EFBC}") = "ChatApp-server", "ChatApp-server\ChatApp-server.csproj", "{D5F5D8D5-D830-4685-A57D-2ED7E8F0341D}"
EndProject
Global
	GlobalSection(SolutionConfigurationPlatforms) = preSolution
		Debug|Any CPU = Debug|Any CPU
		Release|Any CPU = Release|Any CPU
	EndGlobalSection
	GlobalSection(ProjectConfigurationPlatforms) = postSolution
		{E5B370E7-73BB-4EC6-A4E5-13A8F983F1EA}.Debug|Any CPU.ActiveCfg = Debug|Any CPU
		{E5B370E7-73BB-4EC6-A4E5-13A8F983F1EA}.Debug|Any CPU.Build.0 = Debug|Any CPU
		{E5B370E7-73BB-4EC6-A4E5-13A8F983F1EA}.Release|Any CPU.ActiveCfg = Release|Any CPU
		{E5B370E7-73BB-4EC6-A4E5-13A8F983F1EA}.Release|Any CPU.Build.0 = Release|Any CPU
		{D5F5D8D5-D830-4685-A57D-2ED7E8F0341D}.Debug|Any CPU.ActiveCfg = Debug|Any CPU
		{D5F5D8D5-D830-4685-A57D-2ED7E8F0341D}.Debug|Any CPU.Build.0 = Debug|Any CPU
		{D5F5D8D5-D830-4685-A57D-2ED7E8F0341D}.Release|Any CPU.ActiveCfg = Release|Any CPU
		{D5F5D8D5-D830-4685-A57D-2ED7E8F0341D}.Release|Any CPU.Build.0 = Release|Any CPU
	EndGlobalSection
	GlobalSection(SolutionProperties) = preSolution
		HideSolutionNode = FALSE
	EndGlobalSection
	GlobalSection(ExtensibilityGlobals) = postSolution
		SolutionGuid = {F6F9EE49-8DA7-4774-9D5B-92BCE4142B77}
	EndGlobalSection
EndGlobal
